
Microsoft Visual Studio Solution File, Format Version 12.00
Project("{FAE04EC0-301F-11D3-BF4B-00C04F79EFBC}") = "Domain", "Domain\Domain.csproj", "{C777D57F-0546-4FD8-A422-44664C4F0B9F}"
EndProject
Project("{FAE04EC0-301F-11D3-BF4B-00C04F79EFBC}") = "Application", "Application\Application.csproj", "{8771C9FF-4688-4195-A52B-F5638538A151}"
EndProject
Project("{FAE04EC0-301F-11D3-BF4B-00C04F79EFBC}") = "Infrastructure.Database", "Infrastructure.Database\Infrastructure.Database.csproj", "{4D7968BF-CD03-4ACE-A134-D72ED6F2551A}"
EndProject
Project("{FAE04EC0-301F-11D3-BF4B-00C04F79EFBC}") = "Infrastructure.IoC", "Infrastructure.IoC\Infrastructure.IoC.csproj", "{227B967D-FFBB-4316-A4BC-8DBE0B51B4DE}"
EndProject
Project("{FAE04EC0-301F-11D3-BF4B-00C04F79EFBC}") = "WebAPI", "WebAPI\WebAPI.csproj", "{EA2FA1F8-8928-4473-8E49-FE39DD2C20E6}"
EndProject
Project("{2150E333-8FDC-42A3-9474-1A3956D46DE8}") = "Application", "Application", "{412E4076-D2D7-4613-A6E7-26666E31FF2F}"
EndProject
Project("{2150E333-8FDC-42A3-9474-1A3956D46DE8}") = "Domain", "Domain", "{2B39B6EF-D47A-4D26-89B3-C9EB9CF8FA56}"
EndProject
Project("{2150E333-8FDC-42A3-9474-1A3956D46DE8}") = "Infrastructure", "Infrastructure", "{49451BE2-BE78-401D-8450-07D541523B51}"
EndProject
Project("{2150E333-8FDC-42A3-9474-1A3956D46DE8}") = "Adapters", "Adapters", "{F09ADA4A-E2DE-4E26-938A-21056B689151}"
EndProject
Global
	GlobalSection(SolutionConfigurationPlatforms) = preSolution
		Debug|Any CPU = Debug|Any CPU
		Release|Any CPU = Release|Any CPU
	EndGlobalSection
	GlobalSection(ProjectConfigurationPlatforms) = postSolution
		{C777D57F-0546-4FD8-A422-44664C4F0B9F}.Debug|Any CPU.ActiveCfg = Debug|Any CPU
		{C777D57F-0546-4FD8-A422-44664C4F0B9F}.Debug|Any CPU.Build.0 = Debug|Any CPU
		{C777D57F-0546-4FD8-A422-44664C4F0B9F}.Release|Any CPU.ActiveCfg = Release|Any CPU
		{C777D57F-0546-4FD8-A422-44664C4F0B9F}.Release|Any CPU.Build.0 = Release|Any CPU
		{8771C9FF-4688-4195-A52B-F5638538A151}.Debug|Any CPU.ActiveCfg = Debug|Any CPU
		{8771C9FF-4688-4195-A52B-F5638538A151}.Debug|Any CPU.Build.0 = Debug|Any CPU
		{8771C9FF-4688-4195-A52B-F5638538A151}.Release|Any CPU.ActiveCfg = Release|Any CPU
		{8771C9FF-4688-4195-A52B-F5638538A151}.Release|Any CPU.Build.0 = Release|Any CPU
		{4D7968BF-CD03-4ACE-A134-D72ED6F2551A}.Debug|Any CPU.ActiveCfg = Debug|Any CPU
		{4D7968BF-CD03-4ACE-A134-D72ED6F2551A}.Debug|Any CPU.Build.0 = Debug|Any CPU
		{4D7968BF-CD03-4ACE-A134-D72ED6F2551A}.Release|Any CPU.ActiveCfg = Release|Any CPU
		{4D7968BF-CD03-4ACE-A134-D72ED6F2551A}.Release|Any CPU.Build.0 = Release|Any CPU
		{227B967D-FFBB-4316-A4BC-8DBE0B51B4DE}.Debug|Any CPU.ActiveCfg = Debug|Any CPU
		{227B967D-FFBB-4316-A4BC-8DBE0B51B4DE}.Debug|Any CPU.Build.0 = Debug|Any CPU
		{227B967D-FFBB-4316-A4BC-8DBE0B51B4DE}.Release|Any CPU.ActiveCfg = Release|Any CPU
		{227B967D-FFBB-4316-A4BC-8DBE0B51B4DE}.Release|Any CPU.Build.0 = Release|Any CPU
		{EA2FA1F8-8928-4473-8E49-FE39DD2C20E6}.Debug|Any CPU.ActiveCfg = Debug|Any CPU
		{EA2FA1F8-8928-4473-8E49-FE39DD2C20E6}.Debug|Any CPU.Build.0 = Debug|Any CPU
		{EA2FA1F8-8928-4473-8E49-FE39DD2C20E6}.Release|Any CPU.ActiveCfg = Release|Any CPU
		{EA2FA1F8-8928-4473-8E49-FE39DD2C20E6}.Release|Any CPU.Build.0 = Release|Any CPU
	EndGlobalSection
	GlobalSection(NestedProjects) = preSolution
		{8771C9FF-4688-4195-A52B-F5638538A151} = {412E4076-D2D7-4613-A6E7-26666E31FF2F}
		{4D7968BF-CD03-4ACE-A134-D72ED6F2551A} = {49451BE2-BE78-401D-8450-07D541523B51}
		{227B967D-FFBB-4316-A4BC-8DBE0B51B4DE} = {49451BE2-BE78-401D-8450-07D541523B51}
		{C777D57F-0546-4FD8-A422-44664C4F0B9F} = {2B39B6EF-D47A-4D26-89B3-C9EB9CF8FA56}
		{EA2FA1F8-8928-4473-8E49-FE39DD2C20E6} = {F09ADA4A-E2DE-4E26-938A-21056B689151}
	EndGlobalSection
EndGlobal
